
Microsoft Visual Studio Solution File, Format Version 12.00
# Visual Studio Version 16
VisualStudioVersion = 16.0.30204.135
MinimumVisualStudioVersion = 10.0.40219.1
Project("{FAE04EC0-301F-11D3-BF4B-00C04F79EFBC}") = "ChatService", "ChatService.csproj", "{56CEC2D4-5044-47CA-85C5-C174250806E4}"
EndProject
Global
	GlobalSection(SolutionConfigurationPlatforms) = preSolution
		Debug|Any CPU = Debug|Any CPU
		Release|Any CPU = Release|Any CPU
	EndGlobalSection
	GlobalSection(ProjectConfigurationPlatforms) = postSolution
		{56CEC2D4-5044-47CA-85C5-C174250806E4}.Debug|Any CPU.ActiveCfg = Debug|Any CPU
		{56CEC2D4-5044-47CA-85C5-C174250806E4}.Debug|Any CPU.Build.0 = Debug|Any CPU
		{56CEC2D4-5044-47CA-85C5-C174250806E4}.Release|Any CPU.ActiveCfg = Release|Any CPU
		{56CEC2D4-5044-47CA-85C5-C174250806E4}.Release|Any CPU.Build.0 = Release|Any CPU
	EndGlobalSection
	GlobalSection(SolutionProperties) = preSolution
		HideSolutionNode = FALSE
	EndGlobalSection
	GlobalSection(ExtensibilityGlobals) = postSolution
		SolutionGuid = {9FBFF4A4-8A92-41BC-A6F0-6F846AA91922}
	EndGlobalSection
EndGlobal
